// !$*UTF8*$!
{
	archiveVersion = 1;
	classes = {
	};
	objectVersion = 55;
	objects = {

/* Begin PBXBuildFile section */
		5626711828C8DF24006D9980 /* UIAppdelegate+Ext.swift in Sources */ = {isa = PBXBuildFile; fileRef = 5626711728C8DF24006D9980 /* UIAppdelegate+Ext.swift */; };
		5647DB99292616C200484A02 /* HomeView.swift in Sources */ = {isa = PBXBuildFile; fileRef = 5647DB98292616C200484A02 /* HomeView.swift */; };
		5647DB9B2926183F00484A02 /* TabBarView.swift in Sources */ = {isa = PBXBuildFile; fileRef = 5647DB9A2926183F00484A02 /* TabBarView.swift */; };
		5647DB9E292619BA00484A02 /* SearchView.swift in Sources */ = {isa = PBXBuildFile; fileRef = 5647DB9D292619BA00484A02 /* SearchView.swift */; };
		5647DBA129261A3400484A02 /* ProfileView.swift in Sources */ = {isa = PBXBuildFile; fileRef = 5647DBA029261A3400484A02 /* ProfileView.swift */; };
		5647DBA329265A0800484A02 /* String+Ext.swift in Sources */ = {isa = PBXBuildFile; fileRef = 5647DBA229265A0800484A02 /* String+Ext.swift */; };
		5647DBAB292661E500484A02 /* Localizable.strings in Resources */ = {isa = PBXBuildFile; fileRef = 5647DBAD292661E500484A02 /* Localizable.strings */; };
		5647DBB1292665C700484A02 /* DetailView.swift in Sources */ = {isa = PBXBuildFile; fileRef = 5647DBB0292665C700484A02 /* DetailView.swift */; };
		5647DBB32926671F00484A02 /* HomeViewModel.swift in Sources */ = {isa = PBXBuildFile; fileRef = 5647DBB22926671F00484A02 /* HomeViewModel.swift */; };
		5651CFC828C9E045008CE037 /* VerticalPageFeedView.swift in Sources */ = {isa = PBXBuildFile; fileRef = 5651CFC728C9E045008CE037 /* VerticalPageFeedView.swift */; };
		56688EDA28C75AA3005ED986 /* CameraScannerViewController.swift in Sources */ = {isa = PBXBuildFile; fileRef = 56688ED928C75AA3005ED986 /* CameraScannerViewController.swift */; };
		56688EDD28C75E5D005ED986 /* CameraScannerView.swift in Sources */ = {isa = PBXBuildFile; fileRef = 56688EDC28C75E5D005ED986 /* CameraScannerView.swift */; };
		56688EDF28C75F59005ED986 /* MainView.swift in Sources */ = {isa = PBXBuildFile; fileRef = 56688EDE28C75F59005ED986 /* MainView.swift */; };
		56B2781A28C61AAB00018EEF /* HelperApp.swift in Sources */ = {isa = PBXBuildFile; fileRef = 56B2781928C61AAB00018EEF /* HelperApp.swift */; };
		56B2781C28C61AAB00018EEF /* ContentView.swift in Sources */ = {isa = PBXBuildFile; fileRef = 56B2781B28C61AAB00018EEF /* ContentView.swift */; };
		56B2782128C61AAC00018EEF /* Preview Assets.xcassets in Resources */ = {isa = PBXBuildFile; fileRef = 56B2782028C61AAC00018EEF /* Preview Assets.xcassets */; };
		56B2782B28C61AAC00018EEF /* HelperTests.swift in Sources */ = {isa = PBXBuildFile; fileRef = 56B2782A28C61AAC00018EEF /* HelperTests.swift */; };
		56B2783528C61AAC00018EEF /* HelperUITests.swift in Sources */ = {isa = PBXBuildFile; fileRef = 56B2783428C61AAC00018EEF /* HelperUITests.swift */; };
		56B2783728C61AAC00018EEF /* HelperUITestsLaunchTests.swift in Sources */ = {isa = PBXBuildFile; fileRef = 56B2783628C61AAC00018EEF /* HelperUITestsLaunchTests.swift */; };
		56B2788028C649B500018EEF /* swiftlint.yml in Resources */ = {isa = PBXBuildFile; fileRef = 56B2787F28C649B500018EEF /* swiftlint.yml */; };
		56B2788928C64B1200018EEF /* swiftui-xcassets-template.stencil in Resources */ = {isa = PBXBuildFile; fileRef = 56B2788728C64B1200018EEF /* swiftui-xcassets-template.stencil */; };
		56B2788A28C64B1200018EEF /* fonts_swift5_swiftui.stencil in Resources */ = {isa = PBXBuildFile; fileRef = 56B2788828C64B1200018EEF /* fonts_swift5_swiftui.stencil */; };
		56B278BA28C6586100018EEF /* swiftgen.yml in Resources */ = {isa = PBXBuildFile; fileRef = 56B278B928C6586100018EEF /* swiftgen.yml */; };
		56B278BF28C6599900018EEF /* Assets.xcassets in Resources */ = {isa = PBXBuildFile; fileRef = 56B278BE28C6599900018EEF /* Assets.xcassets */; };
		56B278C128C65AB600018EEF /* Colors.xcassets in Resources */ = {isa = PBXBuildFile; fileRef = 56B278C028C65AB600018EEF /* Colors.xcassets */; };
		56B278C328C65BE500018EEF /* XCAssets+Generated.swift in Sources */ = {isa = PBXBuildFile; fileRef = 56B278C228C65BE500018EEF /* XCAssets+Generated.swift */; };
		56B278DD28C6728F00018EEF /* Poppins-Medium.ttf in Resources */ = {isa = PBXBuildFile; fileRef = 56B278D828C6728F00018EEF /* Poppins-Medium.ttf */; };
		56B278DE28C6728F00018EEF /* Poppins-Bold.ttf in Resources */ = {isa = PBXBuildFile; fileRef = 56B278D928C6728F00018EEF /* Poppins-Bold.ttf */; };
		56B278DF28C6728F00018EEF /* Poppins-Italic.ttf in Resources */ = {isa = PBXBuildFile; fileRef = 56B278DA28C6728F00018EEF /* Poppins-Italic.ttf */; };
		56B278E028C6728F00018EEF /* Poppins-Regular.ttf in Resources */ = {isa = PBXBuildFile; fileRef = 56B278DB28C6728F00018EEF /* Poppins-Regular.ttf */; };
		56B278E128C6728F00018EEF /* Poppins-SemiBold.ttf in Resources */ = {isa = PBXBuildFile; fileRef = 56B278DC28C6728F00018EEF /* Poppins-SemiBold.ttf */; };
		56B278E428C6733400018EEF /* Fonts+Generated.swift in Sources */ = {isa = PBXBuildFile; fileRef = 56B278E228C6733400018EEF /* Fonts+Generated.swift */; };
		56B278E528C6733400018EEF /* Strings+Generated.swift in Sources */ = {isa = PBXBuildFile; fileRef = 56B278E328C6733400018EEF /* Strings+Generated.swift */; };
/* End PBXBuildFile section */

/* Begin PBXContainerItemProxy section */
		56B2782728C61AAC00018EEF /* PBXContainerItemProxy */ = {
			isa = PBXContainerItemProxy;
			containerPortal = 56B2780E28C61AAB00018EEF /* Project object */;
			proxyType = 1;
			remoteGlobalIDString = 56B2781528C61AAB00018EEF;
			remoteInfo = Helper;
		};
		56B2783128C61AAC00018EEF /* PBXContainerItemProxy */ = {
			isa = PBXContainerItemProxy;
			containerPortal = 56B2780E28C61AAB00018EEF /* Project object */;
			proxyType = 1;
			remoteGlobalIDString = 56B2781528C61AAB00018EEF;
			remoteInfo = Helper;
		};
/* End PBXContainerItemProxy section */

/* Begin PBXFileReference section */
		5626711728C8DF24006D9980 /* UIAppdelegate+Ext.swift */ = {isa = PBXFileReference; lastKnownFileType = sourcecode.swift; path = "UIAppdelegate+Ext.swift"; sourceTree = "<group>"; };
		5647DB98292616C200484A02 /* HomeView.swift */ = {isa = PBXFileReference; lastKnownFileType = sourcecode.swift; path = HomeView.swift; sourceTree = "<group>"; };
		5647DB9A2926183F00484A02 /* TabBarView.swift */ = {isa = PBXFileReference; lastKnownFileType = sourcecode.swift; path = TabBarView.swift; sourceTree = "<group>"; };
		5647DB9D292619BA00484A02 /* SearchView.swift */ = {isa = PBXFileReference; lastKnownFileType = sourcecode.swift; path = SearchView.swift; sourceTree = "<group>"; };
		5647DBA029261A3400484A02 /* ProfileView.swift */ = {isa = PBXFileReference; lastKnownFileType = sourcecode.swift; path = ProfileView.swift; sourceTree = "<group>"; };
		5647DBA229265A0800484A02 /* String+Ext.swift */ = {isa = PBXFileReference; lastKnownFileType = sourcecode.swift; path = "String+Ext.swift"; sourceTree = "<group>"; };
		5647DBAC292661E500484A02 /* en */ = {isa = PBXFileReference; lastKnownFileType = text.plist.strings; name = en; path = en.lproj/Localizable.strings; sourceTree = "<group>"; };
		5647DBAE292661E900484A02 /* ru */ = {isa = PBXFileReference; lastKnownFileType = text.plist.strings; name = ru; path = ru.lproj/Localizable.strings; sourceTree = "<group>"; };
		5647DBB0292665C700484A02 /* DetailView.swift */ = {isa = PBXFileReference; lastKnownFileType = sourcecode.swift; path = DetailView.swift; sourceTree = "<group>"; };
		5647DBB22926671F00484A02 /* HomeViewModel.swift */ = {isa = PBXFileReference; lastKnownFileType = sourcecode.swift; path = HomeViewModel.swift; sourceTree = "<group>"; };
		5651CFC728C9E045008CE037 /* VerticalPageFeedView.swift */ = {isa = PBXFileReference; lastKnownFileType = sourcecode.swift; path = VerticalPageFeedView.swift; sourceTree = "<group>"; };
		56688ED928C75AA3005ED986 /* CameraScannerViewController.swift */ = {isa = PBXFileReference; lastKnownFileType = sourcecode.swift; path = CameraScannerViewController.swift; sourceTree = "<group>"; };
		56688EDC28C75E5D005ED986 /* CameraScannerView.swift */ = {isa = PBXFileReference; lastKnownFileType = sourcecode.swift; path = CameraScannerView.swift; sourceTree = "<group>"; };
		56688EDE28C75F59005ED986 /* MainView.swift */ = {isa = PBXFileReference; lastKnownFileType = sourcecode.swift; path = MainView.swift; sourceTree = "<group>"; };
		56B2781628C61AAB00018EEF /* Helper.app */ = {isa = PBXFileReference; explicitFileType = wrapper.application; includeInIndex = 0; path = Helper.app; sourceTree = BUILT_PRODUCTS_DIR; };
		56B2781928C61AAB00018EEF /* HelperApp.swift */ = {isa = PBXFileReference; lastKnownFileType = sourcecode.swift; path = HelperApp.swift; sourceTree = "<group>"; };
		56B2781B28C61AAB00018EEF /* ContentView.swift */ = {isa = PBXFileReference; lastKnownFileType = sourcecode.swift; path = ContentView.swift; sourceTree = "<group>"; };
		56B2782028C61AAC00018EEF /* Preview Assets.xcassets */ = {isa = PBXFileReference; lastKnownFileType = folder.assetcatalog; path = "Preview Assets.xcassets"; sourceTree = "<group>"; };
		56B2782628C61AAC00018EEF /* HelperTests.xctest */ = {isa = PBXFileReference; explicitFileType = wrapper.cfbundle; includeInIndex = 0; path = HelperTests.xctest; sourceTree = BUILT_PRODUCTS_DIR; };
		56B2782A28C61AAC00018EEF /* HelperTests.swift */ = {isa = PBXFileReference; lastKnownFileType = sourcecode.swift; path = HelperTests.swift; sourceTree = "<group>"; };
		56B2783028C61AAC00018EEF /* HelperUITests.xctest */ = {isa = PBXFileReference; explicitFileType = wrapper.cfbundle; includeInIndex = 0; path = HelperUITests.xctest; sourceTree = BUILT_PRODUCTS_DIR; };
		56B2783428C61AAC00018EEF /* HelperUITests.swift */ = {isa = PBXFileReference; lastKnownFileType = sourcecode.swift; path = HelperUITests.swift; sourceTree = "<group>"; };
		56B2783628C61AAC00018EEF /* HelperUITestsLaunchTests.swift */ = {isa = PBXFileReference; lastKnownFileType = sourcecode.swift; path = HelperUITestsLaunchTests.swift; sourceTree = "<group>"; };
		56B2787F28C649B500018EEF /* swiftlint.yml */ = {isa = PBXFileReference; fileEncoding = 4; lastKnownFileType = text.yaml; path = swiftlint.yml; sourceTree = "<group>"; };
		56B2788728C64B1200018EEF /* swiftui-xcassets-template.stencil */ = {isa = PBXFileReference; fileEncoding = 4; lastKnownFileType = text; path = "swiftui-xcassets-template.stencil"; sourceTree = "<group>"; };
		56B2788828C64B1200018EEF /* fonts_swift5_swiftui.stencil */ = {isa = PBXFileReference; fileEncoding = 4; lastKnownFileType = text; path = fonts_swift5_swiftui.stencil; sourceTree = "<group>"; };
		56B2789D28C64D8000018EEF /* Info.plist */ = {isa = PBXFileReference; lastKnownFileType = text.plist.xml; path = Info.plist; sourceTree = "<group>"; };
		56B278B928C6586100018EEF /* swiftgen.yml */ = {isa = PBXFileReference; fileEncoding = 4; lastKnownFileType = text.yaml; path = swiftgen.yml; sourceTree = "<group>"; };
		56B278BE28C6599900018EEF /* Assets.xcassets */ = {isa = PBXFileReference; lastKnownFileType = folder.assetcatalog; path = Assets.xcassets; sourceTree = "<group>"; };
		56B278C028C65AB600018EEF /* Colors.xcassets */ = {isa = PBXFileReference; lastKnownFileType = folder.assetcatalog; path = Colors.xcassets; sourceTree = "<group>"; };
		56B278C228C65BE500018EEF /* XCAssets+Generated.swift */ = {isa = PBXFileReference; fileEncoding = 4; lastKnownFileType = sourcecode.swift; path = "XCAssets+Generated.swift"; sourceTree = "<group>"; };
		56B278D828C6728F00018EEF /* Poppins-Medium.ttf */ = {isa = PBXFileReference; lastKnownFileType = file; path = "Poppins-Medium.ttf"; sourceTree = "<group>"; };
		56B278D928C6728F00018EEF /* Poppins-Bold.ttf */ = {isa = PBXFileReference; lastKnownFileType = file; path = "Poppins-Bold.ttf"; sourceTree = "<group>"; };
		56B278DA28C6728F00018EEF /* Poppins-Italic.ttf */ = {isa = PBXFileReference; lastKnownFileType = file; path = "Poppins-Italic.ttf"; sourceTree = "<group>"; };
		56B278DB28C6728F00018EEF /* Poppins-Regular.ttf */ = {isa = PBXFileReference; lastKnownFileType = file; path = "Poppins-Regular.ttf"; sourceTree = "<group>"; };
		56B278DC28C6728F00018EEF /* Poppins-SemiBold.ttf */ = {isa = PBXFileReference; lastKnownFileType = file; path = "Poppins-SemiBold.ttf"; sourceTree = "<group>"; };
		56B278E228C6733400018EEF /* Fonts+Generated.swift */ = {isa = PBXFileReference; fileEncoding = 4; lastKnownFileType = sourcecode.swift; path = "Fonts+Generated.swift"; sourceTree = "<group>"; };
		56B278E328C6733400018EEF /* Strings+Generated.swift */ = {isa = PBXFileReference; fileEncoding = 4; lastKnownFileType = sourcecode.swift; path = "Strings+Generated.swift"; sourceTree = "<group>"; };
/* End PBXFileReference section */

/* Begin PBXFrameworksBuildPhase section */
		56B2781328C61AAB00018EEF /* Frameworks */ = {
			isa = PBXFrameworksBuildPhase;
			buildActionMask = 2147483647;
			files = (
			);
			runOnlyForDeploymentPostprocessing = 0;
		};
		56B2782328C61AAC00018EEF /* Frameworks */ = {
			isa = PBXFrameworksBuildPhase;
			buildActionMask = 2147483647;
			files = (
			);
			runOnlyForDeploymentPostprocessing = 0;
		};
		56B2782D28C61AAC00018EEF /* Frameworks */ = {
			isa = PBXFrameworksBuildPhase;
			buildActionMask = 2147483647;
			files = (
			);
			runOnlyForDeploymentPostprocessing = 0;
		};
/* End PBXFrameworksBuildPhase section */

/* Begin PBXGroup section */
		5626711628C8DEE7006D9980 /* Unit */ = {
			isa = PBXGroup;
			children = (
				5626711728C8DF24006D9980 /* UIAppdelegate+Ext.swift */,
				5647DBA229265A0800484A02 /* String+Ext.swift */,
			);
			path = Unit;
			sourceTree = "<group>";
		};
		5647DB9C292619A600484A02 /* Search */ = {
			isa = PBXGroup;
			children = (
				5647DB9D292619BA00484A02 /* SearchView.swift */,
			);
			path = Search;
			sourceTree = "<group>";
		};
		5647DB9F29261A2400484A02 /* Profile */ = {
			isa = PBXGroup;
			children = (
				5647DBA029261A3400484A02 /* ProfileView.swift */,
			);
			path = Profile;
			sourceTree = "<group>";
		};
		5647DBA8292661B300484A02 /* Localization */ = {
			isa = PBXGroup;
			children = (
				5647DBAD292661E500484A02 /* Localizable.strings */,
			);
			path = Localization;
			sourceTree = "<group>";
		};
		5647DBAF292665B200484A02 /* DetailView */ = {
			isa = PBXGroup;
			children = (
				5647DBB0292665C700484A02 /* DetailView.swift */,
			);
			path = DetailView;
			sourceTree = "<group>";
		};
		5651CFC628C9DFFC008CE037 /* Component */ = {
			isa = PBXGroup;
			children = (
				5651CFC728C9E045008CE037 /* VerticalPageFeedView.swift */,
			);
			path = Component;
			sourceTree = "<group>";
		};
		56688ED828C75A42005ED986 /* UIKit */ = {
			isa = PBXGroup;
			children = (
				56688ED928C75AA3005ED986 /* CameraScannerViewController.swift */,
			);
			path = UIKit;
			sourceTree = "<group>";
		};
		56688EDB28C75E49005ED986 /* Camera */ = {
			isa = PBXGroup;
			children = (
				56688EDC28C75E5D005ED986 /* CameraScannerView.swift */,
			);
			path = Camera;
			sourceTree = "<group>";
		};
		56688EE028C7618A005ED986 /* Main */ = {
			isa = PBXGroup;
			children = (
				56688EDB28C75E49005ED986 /* Camera */,
				56688EDE28C75F59005ED986 /* MainView.swift */,
			);
			path = Main;
			sourceTree = "<group>";
		};
		56688EE328C76B89005ED986 /* ContentView */ = {
			isa = PBXGroup;
			children = (
				56B2781B28C61AAB00018EEF /* ContentView.swift */,
				5647DB9A2926183F00484A02 /* TabBarView.swift */,
			);
			path = ContentView;
			sourceTree = "<group>";
		};
		568FB5FC29242DDF001C8E4B /* Home */ = {
			isa = PBXGroup;
			children = (
				5647DB98292616C200484A02 /* HomeView.swift */,
				5647DBB22926671F00484A02 /* HomeViewModel.swift */,
			);
			path = Home;
			sourceTree = "<group>";
		};
		56B2780D28C61AAB00018EEF = {
			isa = PBXGroup;
			children = (
				56B2787F28C649B500018EEF /* swiftlint.yml */,
				56B278B928C6586100018EEF /* swiftgen.yml */,
				56B2781828C61AAB00018EEF /* Helper */,
				56B2782928C61AAC00018EEF /* HelperTests */,
				56B2783328C61AAC00018EEF /* HelperUITests */,
				56B2781728C61AAB00018EEF /* Products */,
			);
			sourceTree = "<group>";
		};
		56B2781728C61AAB00018EEF /* Products */ = {
			isa = PBXGroup;
			children = (
				56B2781628C61AAB00018EEF /* Helper.app */,
				56B2782628C61AAC00018EEF /* HelperTests.xctest */,
				56B2783028C61AAC00018EEF /* HelperUITests.xctest */,
			);
			name = Products;
			sourceTree = "<group>";
		};
		56B2781828C61AAB00018EEF /* Helper */ = {
			isa = PBXGroup;
			children = (
				56B2781928C61AAB00018EEF /* HelperApp.swift */,
				56B2787B28C6493A00018EEF /* View */,
				5651CFC628C9DFFC008CE037 /* Component */,
				56688ED828C75A42005ED986 /* UIKit */,
				5626711628C8DEE7006D9980 /* Unit */,
				56B278BB28C6595800018EEF /* Resources */,
				56B278B028C6558000018EEF /* Generated */,
				56B2788628C64AF400018EEF /* Templates */,
				56B2781F28C61AAC00018EEF /* Preview Content */,
			);
			path = Helper;
			sourceTree = "<group>";
		};
		56B2781F28C61AAC00018EEF /* Preview Content */ = {
			isa = PBXGroup;
			children = (
				56B2782028C61AAC00018EEF /* Preview Assets.xcassets */,
			);
			path = "Preview Content";
			sourceTree = "<group>";
		};
		56B2782928C61AAC00018EEF /* HelperTests */ = {
			isa = PBXGroup;
			children = (
				56B2782A28C61AAC00018EEF /* HelperTests.swift */,
			);
			path = HelperTests;
			sourceTree = "<group>";
		};
		56B2783328C61AAC00018EEF /* HelperUITests */ = {
			isa = PBXGroup;
			children = (
				56B2783428C61AAC00018EEF /* HelperUITests.swift */,
				56B2783628C61AAC00018EEF /* HelperUITestsLaunchTests.swift */,
			);
			path = HelperUITests;
			sourceTree = "<group>";
		};
		56B2787B28C6493A00018EEF /* View */ = {
			isa = PBXGroup;
			children = (
				5647DBAF292665B200484A02 /* DetailView */,
				56688EE328C76B89005ED986 /* ContentView */,
				56688EE028C7618A005ED986 /* Main */,
				568FB5FC29242DDF001C8E4B /* Home */,
				5647DB9C292619A600484A02 /* Search */,
				5647DB9F29261A2400484A02 /* Profile */,
			);
			path = View;
			sourceTree = "<group>";
		};
		56B2788628C64AF400018EEF /* Templates */ = {
			isa = PBXGroup;
			children = (
				56B2788828C64B1200018EEF /* fonts_swift5_swiftui.stencil */,
				56B2788728C64B1200018EEF /* swiftui-xcassets-template.stencil */,
			);
			path = Templates;
			sourceTree = "<group>";
		};
		56B278B028C6558000018EEF /* Generated */ = {
			isa = PBXGroup;
			children = (
				56B278C228C65BE500018EEF /* XCAssets+Generated.swift */,
				56B278E228C6733400018EEF /* Fonts+Generated.swift */,
				56B278E328C6733400018EEF /* Strings+Generated.swift */,
			);
			path = Generated;
			sourceTree = "<group>";
		};
		56B278BB28C6595800018EEF /* Resources */ = {
			isa = PBXGroup;
			children = (
				5647DBA8292661B300484A02 /* Localization */,
				56B2789D28C64D8000018EEF /* Info.plist */,
				56B278D728C6727300018EEF /* Poppins */,
				56B278BE28C6599900018EEF /* Assets.xcassets */,
				56B278C028C65AB600018EEF /* Colors.xcassets */,
			);
			path = Resources;
			sourceTree = "<group>";
		};
		56B278D728C6727300018EEF /* Poppins */ = {
			isa = PBXGroup;
			children = (
				56B278D928C6728F00018EEF /* Poppins-Bold.ttf */,
				56B278DA28C6728F00018EEF /* Poppins-Italic.ttf */,
				56B278D828C6728F00018EEF /* Poppins-Medium.ttf */,
				56B278DB28C6728F00018EEF /* Poppins-Regular.ttf */,
				56B278DC28C6728F00018EEF /* Poppins-SemiBold.ttf */,
			);
			path = Poppins;
			sourceTree = "<group>";
		};
/* End PBXGroup section */

/* Begin PBXNativeTarget section */
		56B2781528C61AAB00018EEF /* Helper */ = {
			isa = PBXNativeTarget;
			buildConfigurationList = 56B2783A28C61AAC00018EEF /* Build configuration list for PBXNativeTarget "Helper" */;
			buildPhases = (
				56B2781228C61AAB00018EEF /* Sources */,
				56B2781328C61AAB00018EEF /* Frameworks */,
				56B2781428C61AAB00018EEF /* Resources */,
				56B2788B28C64B7800018EEF /* SwiftGen */,
				56B278E628C6761C00018EEF /* SwiftLint */,
			);
			buildRules = (
			);
			dependencies = (
			);
			name = Helper;
			productName = Helper;
			productReference = 56B2781628C61AAB00018EEF /* Helper.app */;
			productType = "com.apple.product-type.application";
		};
		56B2782528C61AAC00018EEF /* HelperTests */ = {
			isa = PBXNativeTarget;
			buildConfigurationList = 56B2783D28C61AAC00018EEF /* Build configuration list for PBXNativeTarget "HelperTests" */;
			buildPhases = (
				56B2782228C61AAC00018EEF /* Sources */,
				56B2782328C61AAC00018EEF /* Frameworks */,
				56B2782428C61AAC00018EEF /* Resources */,
			);
			buildRules = (
			);
			dependencies = (
				56B2782828C61AAC00018EEF /* PBXTargetDependency */,
			);
			name = HelperTests;
			productName = HelperTests;
			productReference = 56B2782628C61AAC00018EEF /* HelperTests.xctest */;
			productType = "com.apple.product-type.bundle.unit-test";
		};
		56B2782F28C61AAC00018EEF /* HelperUITests */ = {
			isa = PBXNativeTarget;
			buildConfigurationList = 56B2784028C61AAC00018EEF /* Build configuration list for PBXNativeTarget "HelperUITests" */;
			buildPhases = (
				56B2782C28C61AAC00018EEF /* Sources */,
				56B2782D28C61AAC00018EEF /* Frameworks */,
				56B2782E28C61AAC00018EEF /* Resources */,
			);
			buildRules = (
			);
			dependencies = (
				56B2783228C61AAC00018EEF /* PBXTargetDependency */,
			);
			name = HelperUITests;
			productName = HelperUITests;
			productReference = 56B2783028C61AAC00018EEF /* HelperUITests.xctest */;
			productType = "com.apple.product-type.bundle.ui-testing";
		};
/* End PBXNativeTarget section */

/* Begin PBXProject section */
		56B2780E28C61AAB00018EEF /* Project object */ = {
			isa = PBXProject;
			attributes = {
				BuildIndependentTargetsInParallel = 1;
				LastSwiftUpdateCheck = 1340;
				LastUpgradeCheck = 1340;
				TargetAttributes = {
					56B2781528C61AAB00018EEF = {
						CreatedOnToolsVersion = 13.4.1;
					};
					56B2782528C61AAC00018EEF = {
						CreatedOnToolsVersion = 13.4.1;
						TestTargetID = 56B2781528C61AAB00018EEF;
					};
					56B2782F28C61AAC00018EEF = {
						CreatedOnToolsVersion = 13.4.1;
						TestTargetID = 56B2781528C61AAB00018EEF;
					};
				};
			};
			buildConfigurationList = 56B2781128C61AAB00018EEF /* Build configuration list for PBXProject "Helper" */;
			compatibilityVersion = "Xcode 13.0";
			developmentRegion = en;
			hasScannedForEncodings = 0;
			knownRegions = (
				en,
				Base,
				ru,
			);
			mainGroup = 56B2780D28C61AAB00018EEF;
			productRefGroup = 56B2781728C61AAB00018EEF /* Products */;
			projectDirPath = "";
			projectRoot = "";
			targets = (
				56B2781528C61AAB00018EEF /* Helper */,
				56B2782528C61AAC00018EEF /* HelperTests */,
				56B2782F28C61AAC00018EEF /* HelperUITests */,
			);
		};
/* End PBXProject section */

/* Begin PBXResourcesBuildPhase section */
		56B2781428C61AAB00018EEF /* Resources */ = {
			isa = PBXResourcesBuildPhase;
			buildActionMask = 2147483647;
			files = (
				56B2782128C61AAC00018EEF /* Preview Assets.xcassets in Resources */,
				56B2788028C649B500018EEF /* swiftlint.yml in Resources */,
				56B2788928C64B1200018EEF /* swiftui-xcassets-template.stencil in Resources */,
				56B278E028C6728F00018EEF /* Poppins-Regular.ttf in Resources */,
				56B278E128C6728F00018EEF /* Poppins-SemiBold.ttf in Resources */,
				56B2788A28C64B1200018EEF /* fonts_swift5_swiftui.stencil in Resources */,
				56B278BF28C6599900018EEF /* Assets.xcassets in Resources */,
				56B278BA28C6586100018EEF /* swiftgen.yml in Resources */,
				56B278DD28C6728F00018EEF /* Poppins-Medium.ttf in Resources */,
				5647DBAB292661E500484A02 /* Localizable.strings in Resources */,
				56B278DF28C6728F00018EEF /* Poppins-Italic.ttf in Resources */,
				56B278DE28C6728F00018EEF /* Poppins-Bold.ttf in Resources */,
				56B278C128C65AB600018EEF /* Colors.xcassets in Resources */,
			);
			runOnlyForDeploymentPostprocessing = 0;
		};
		56B2782428C61AAC00018EEF /* Resources */ = {
			isa = PBXResourcesBuildPhase;
			buildActionMask = 2147483647;
			files = (
			);
			runOnlyForDeploymentPostprocessing = 0;
		};
		56B2782E28C61AAC00018EEF /* Resources */ = {
			isa = PBXResourcesBuildPhase;
			buildActionMask = 2147483647;
			files = (
			);
			runOnlyForDeploymentPostprocessing = 0;
		};
/* End PBXResourcesBuildPhase section */

/* Begin PBXShellScriptBuildPhase section */
		56B2788B28C64B7800018EEF /* SwiftGen */ = {
			isa = PBXShellScriptBuildPhase;
			buildActionMask = 2147483647;
			files = (
			);
			inputFileListPaths = (
			);
			inputPaths = (
			);
			name = SwiftGen;
			outputFileListPaths = (
			);
			outputPaths = (
			);
			runOnlyForDeploymentPostprocessing = 0;
			shellPath = /bin/sh;
			shellScript = "export PATH=\"$PATH:/opt/homebrew/bin\"\nif which swiftgen >/dev/null; then\n  swiftgen\nelse\n  echo \"warning: SwiftGen not installed, download it from https://github.com/SwiftGen/SwiftGen\"\nfi\n";
		};
		56B278E628C6761C00018EEF /* SwiftLint */ = {
			isa = PBXShellScriptBuildPhase;
			buildActionMask = 2147483647;
			files = (
			);
			inputFileListPaths = (
			);
			inputPaths = (
			);
			name = SwiftLint;
			outputFileListPaths = (
			);
			outputPaths = (
			);
			runOnlyForDeploymentPostprocessing = 0;
			shellPath = /bin/sh;
			shellScript = "export PATH=\"$PATH:/opt/homebrew/bin\"\nif which swiftlint > /dev/null; then\n  swiftlint\nelse\n  echo \"warning: SwiftLint not installed, download from https://github.com/realm/SwiftLint\"\nfi\n";
		};
/* End PBXShellScriptBuildPhase section */

/* Begin PBXSourcesBuildPhase section */
		56B2781228C61AAB00018EEF /* Sources */ = {
			isa = PBXSourcesBuildPhase;
			buildActionMask = 2147483647;
			files = (
				5647DBB32926671F00484A02 /* HomeViewModel.swift in Sources */,
				5647DB9E292619BA00484A02 /* SearchView.swift in Sources */,
				56B278E528C6733400018EEF /* Strings+Generated.swift in Sources */,
				5647DB9B2926183F00484A02 /* TabBarView.swift in Sources */,
				5647DBA329265A0800484A02 /* String+Ext.swift in Sources */,
				56688EDD28C75E5D005ED986 /* CameraScannerView.swift in Sources */,
				5651CFC828C9E045008CE037 /* VerticalPageFeedView.swift in Sources */,
				56B278E428C6733400018EEF /* Fonts+Generated.swift in Sources */,
				5626711828C8DF24006D9980 /* UIAppdelegate+Ext.swift in Sources */,
				56B278C328C65BE500018EEF /* XCAssets+Generated.swift in Sources */,
				5647DBB1292665C700484A02 /* DetailView.swift in Sources */,
				56B2781C28C61AAB00018EEF /* ContentView.swift in Sources */,
				56688EDF28C75F59005ED986 /* MainView.swift in Sources */,
				5647DB99292616C200484A02 /* HomeView.swift in Sources */,
				56B2781A28C61AAB00018EEF /* HelperApp.swift in Sources */,
				5647DBA129261A3400484A02 /* ProfileView.swift in Sources */,
				56688EDA28C75AA3005ED986 /* CameraScannerViewController.swift in Sources */,
			);
			runOnlyForDeploymentPostprocessing = 0;
		};
		56B2782228C61AAC00018EEF /* Sources */ = {
			isa = PBXSourcesBuildPhase;
			buildActionMask = 2147483647;
			files = (
				56B2782B28C61AAC00018EEF /* HelperTests.swift in Sources */,
			);
			runOnlyForDeploymentPostprocessing = 0;
		};
		56B2782C28C61AAC00018EEF /* Sources */ = {
			isa = PBXSourcesBuildPhase;
			buildActionMask = 2147483647;
			files = (
				56B2783728C61AAC00018EEF /* HelperUITestsLaunchTests.swift in Sources */,
				56B2783528C61AAC00018EEF /* HelperUITests.swift in Sources */,
			);
			runOnlyForDeploymentPostprocessing = 0;
		};
/* End PBXSourcesBuildPhase section */

/* Begin PBXTargetDependency section */
		56B2782828C61AAC00018EEF /* PBXTargetDependency */ = {
			isa = PBXTargetDependency;
			target = 56B2781528C61AAB00018EEF /* Helper */;
			targetProxy = 56B2782728C61AAC00018EEF /* PBXContainerItemProxy */;
		};
		56B2783228C61AAC00018EEF /* PBXTargetDependency */ = {
			isa = PBXTargetDependency;
			target = 56B2781528C61AAB00018EEF /* Helper */;
			targetProxy = 56B2783128C61AAC00018EEF /* PBXContainerItemProxy */;
		};
/* End PBXTargetDependency section */

/* Begin PBXVariantGroup section */
		5647DBAD292661E500484A02 /* Localizable.strings */ = {
			isa = PBXVariantGroup;
			children = (
				5647DBAC292661E500484A02 /* en */,
				5647DBAE292661E900484A02 /* ru */,
			);
			name = Localizable.strings;
			sourceTree = "<group>";
		};
/* End PBXVariantGroup section */

/* Begin XCBuildConfiguration section */
		56B2783828C61AAC00018EEF /* Debug */ = {
			isa = XCBuildConfiguration;
			buildSettings = {
				ALWAYS_SEARCH_USER_PATHS = NO;
				CLANG_ANALYZER_LOCALIZABILITY_NONLOCALIZED = YES;
				CLANG_ANALYZER_NONNULL = YES;
				CLANG_ANALYZER_NUMBER_OBJECT_CONVERSION = YES_AGGRESSIVE;
				CLANG_CXX_LANGUAGE_STANDARD = "gnu++17";
				CLANG_ENABLE_MODULES = YES;
				CLANG_ENABLE_OBJC_ARC = YES;
				CLANG_ENABLE_OBJC_WEAK = YES;
				CLANG_WARN_BLOCK_CAPTURE_AUTORELEASING = YES;
				CLANG_WARN_BOOL_CONVERSION = YES;
				CLANG_WARN_COMMA = YES;
				CLANG_WARN_CONSTANT_CONVERSION = YES;
				CLANG_WARN_DEPRECATED_OBJC_IMPLEMENTATIONS = YES;
				CLANG_WARN_DIRECT_OBJC_ISA_USAGE = YES_ERROR;
				CLANG_WARN_DOCUMENTATION_COMMENTS = YES;
				CLANG_WARN_EMPTY_BODY = YES;
				CLANG_WARN_ENUM_CONVERSION = YES;
				CLANG_WARN_INFINITE_RECURSION = YES;
				CLANG_WARN_INT_CONVERSION = YES;
				CLANG_WARN_NON_LITERAL_NULL_CONVERSION = YES;
				CLANG_WARN_OBJC_IMPLICIT_RETAIN_SELF = YES;
				CLANG_WARN_OBJC_LITERAL_CONVERSION = YES;
				CLANG_WARN_OBJC_ROOT_CLASS = YES_ERROR;
				CLANG_WARN_QUOTED_INCLUDE_IN_FRAMEWORK_HEADER = YES;
				CLANG_WARN_RANGE_LOOP_ANALYSIS = YES;
				CLANG_WARN_STRICT_PROTOTYPES = YES;
				CLANG_WARN_SUSPICIOUS_MOVE = YES;
				CLANG_WARN_UNGUARDED_AVAILABILITY = YES_AGGRESSIVE;
				CLANG_WARN_UNREACHABLE_CODE = YES;
				CLANG_WARN__DUPLICATE_METHOD_MATCH = YES;
				COPY_PHASE_STRIP = NO;
				DEBUG_INFORMATION_FORMAT = dwarf;
				ENABLE_STRICT_OBJC_MSGSEND = YES;
				ENABLE_TESTABILITY = YES;
				GCC_C_LANGUAGE_STANDARD = gnu11;
				GCC_DYNAMIC_NO_PIC = NO;
				GCC_NO_COMMON_BLOCKS = YES;
				GCC_OPTIMIZATION_LEVEL = 0;
				GCC_PREPROCESSOR_DEFINITIONS = (
					"DEBUG=1",
					"$(inherited)",
				);
				GCC_WARN_64_TO_32_BIT_CONVERSION = YES;
				GCC_WARN_ABOUT_RETURN_TYPE = YES_ERROR;
				GCC_WARN_UNDECLARED_SELECTOR = YES;
				GCC_WARN_UNINITIALIZED_AUTOS = YES_AGGRESSIVE;
				GCC_WARN_UNUSED_FUNCTION = YES;
				GCC_WARN_UNUSED_VARIABLE = YES;
				IPHONEOS_DEPLOYMENT_TARGET = 15.5;
				MTL_ENABLE_DEBUG_INFO = INCLUDE_SOURCE;
				MTL_FAST_MATH = YES;
				ONLY_ACTIVE_ARCH = YES;
				SDKROOT = iphoneos;
				SWIFT_ACTIVE_COMPILATION_CONDITIONS = DEBUG;
				SWIFT_OPTIMIZATION_LEVEL = "-Onone";
			};
			name = Debug;
		};
		56B2783928C61AAC00018EEF /* Release */ = {
			isa = XCBuildConfiguration;
			buildSettings = {
				ALWAYS_SEARCH_USER_PATHS = NO;
				CLANG_ANALYZER_LOCALIZABILITY_NONLOCALIZED = YES;
				CLANG_ANALYZER_NONNULL = YES;
				CLANG_ANALYZER_NUMBER_OBJECT_CONVERSION = YES_AGGRESSIVE;
				CLANG_CXX_LANGUAGE_STANDARD = "gnu++17";
				CLANG_ENABLE_MODULES = YES;
				CLANG_ENABLE_OBJC_ARC = YES;
				CLANG_ENABLE_OBJC_WEAK = YES;
				CLANG_WARN_BLOCK_CAPTURE_AUTORELEASING = YES;
				CLANG_WARN_BOOL_CONVERSION = YES;
				CLANG_WARN_COMMA = YES;
				CLANG_WARN_CONSTANT_CONVERSION = YES;
				CLANG_WARN_DEPRECATED_OBJC_IMPLEMENTATIONS = YES;
				CLANG_WARN_DIRECT_OBJC_ISA_USAGE = YES_ERROR;
				CLANG_WARN_DOCUMENTATION_COMMENTS = YES;
				CLANG_WARN_EMPTY_BODY = YES;
				CLANG_WARN_ENUM_CONVERSION = YES;
				CLANG_WARN_INFINITE_RECURSION = YES;
				CLANG_WARN_INT_CONVERSION = YES;
				CLANG_WARN_NON_LITERAL_NULL_CONVERSION = YES;
				CLANG_WARN_OBJC_IMPLICIT_RETAIN_SELF = YES;
				CLANG_WARN_OBJC_LITERAL_CONVERSION = YES;
				CLANG_WARN_OBJC_ROOT_CLASS = YES_ERROR;
				CLANG_WARN_QUOTED_INCLUDE_IN_FRAMEWORK_HEADER = YES;
				CLANG_WARN_RANGE_LOOP_ANALYSIS = YES;
				CLANG_WARN_STRICT_PROTOTYPES = YES;
				CLANG_WARN_SUSPICIOUS_MOVE = YES;
				CLANG_WARN_UNGUARDED_AVAILABILITY = YES_AGGRESSIVE;
				CLANG_WARN_UNREACHABLE_CODE = YES;
				CLANG_WARN__DUPLICATE_METHOD_MATCH = YES;
				COPY_PHASE_STRIP = NO;
				DEBUG_INFORMATION_FORMAT = "dwarf-with-dsym";
				ENABLE_NS_ASSERTIONS = NO;
				ENABLE_STRICT_OBJC_MSGSEND = YES;
				GCC_C_LANGUAGE_STANDARD = gnu11;
				GCC_NO_COMMON_BLOCKS = YES;
				GCC_WARN_64_TO_32_BIT_CONVERSION = YES;
				GCC_WARN_ABOUT_RETURN_TYPE = YES_ERROR;
				GCC_WARN_UNDECLARED_SELECTOR = YES;
				GCC_WARN_UNINITIALIZED_AUTOS = YES_AGGRESSIVE;
				GCC_WARN_UNUSED_FUNCTION = YES;
				GCC_WARN_UNUSED_VARIABLE = YES;
				IPHONEOS_DEPLOYMENT_TARGET = 15.5;
				MTL_ENABLE_DEBUG_INFO = NO;
				MTL_FAST_MATH = YES;
				SDKROOT = iphoneos;
				SWIFT_COMPILATION_MODE = wholemodule;
				SWIFT_OPTIMIZATION_LEVEL = "-O";
				VALIDATE_PRODUCT = YES;
			};
			name = Release;
		};
		56B2783B28C61AAC00018EEF /* Debug */ = {
			isa = XCBuildConfiguration;
			buildSettings = {
				ASSETCATALOG_COMPILER_APPICON_NAME = AppIcon;
				ASSETCATALOG_COMPILER_GLOBAL_ACCENT_COLOR_NAME = AccentColor;
				CODE_SIGN_STYLE = Automatic;
				CURRENT_PROJECT_VERSION = 1;
				DEVELOPMENT_ASSET_PATHS = "\"Helper/Preview Content\"";
				DEVELOPMENT_TEAM = 224SJKKLQ3;
				ENABLE_PREVIEWS = YES;
				GENERATE_INFOPLIST_FILE = YES;
				INFOPLIST_FILE = Helper/Resources/Info.plist;
				INFOPLIST_KEY_UIApplicationSceneManifest_Generation = YES;
				INFOPLIST_KEY_UIApplicationSupportsIndirectInputEvents = YES;
				INFOPLIST_KEY_UILaunchScreen_Generation = YES;
				INFOPLIST_KEY_UISupportedInterfaceOrientations_iPad = "UIInterfaceOrientationPortrait UIInterfaceOrientationPortraitUpsideDown UIInterfaceOrientationLandscapeLeft UIInterfaceOrientationLandscapeRight";
				INFOPLIST_KEY_UISupportedInterfaceOrientations_iPhone = "UIInterfaceOrientationPortrait UIInterfaceOrientationLandscapeLeft UIInterfaceOrientationLandscapeRight";
				IPHONEOS_DEPLOYMENT_TARGET = 16.0;
				LD_RUNPATH_SEARCH_PATHS = (
					"$(inherited)",
					"@executable_path/Frameworks",
				);
				MARKETING_VERSION = 1.0;
				PRODUCT_BUNDLE_IDENTIFIER = HYS.Helper;
				PRODUCT_NAME = "$(TARGET_NAME)";
				SWIFT_EMIT_LOC_STRINGS = YES;
				SWIFT_VERSION = 5.0;
				TARGETED_DEVICE_FAMILY = "1,2";
			};
			name = Debug;
		};
		56B2783C28C61AAC00018EEF /* Release */ = {
			isa = XCBuildConfiguration;
			buildSettings = {
				ASSETCATALOG_COMPILER_APPICON_NAME = AppIcon;
				ASSETCATALOG_COMPILER_GLOBAL_ACCENT_COLOR_NAME = AccentColor;
				CODE_SIGN_STYLE = Automatic;
				CURRENT_PROJECT_VERSION = 1;
				DEVELOPMENT_ASSET_PATHS = "\"Helper/Preview Content\"";
				DEVELOPMENT_TEAM = 224SJKKLQ3;
				ENABLE_PREVIEWS = YES;
				GENERATE_INFOPLIST_FILE = YES;
				INFOPLIST_FILE = Helper/Resources/Info.plist;
				INFOPLIST_KEY_UIApplicationSceneManifest_Generation = YES;
				INFOPLIST_KEY_UIApplicationSupportsIndirectInputEvents = YES;
				INFOPLIST_KEY_UILaunchScreen_Generation = YES;
				INFOPLIST_KEY_UISupportedInterfaceOrientations_iPad = "UIInterfaceOrientationPortrait UIInterfaceOrientationPortraitUpsideDown UIInterfaceOrientationLandscapeLeft UIInterfaceOrientationLandscapeRight";
				INFOPLIST_KEY_UISupportedInterfaceOrientations_iPhone = "UIInterfaceOrientationPortrait UIInterfaceOrientationLandscapeLeft UIInterfaceOrientationLandscapeRight";
				IPHONEOS_DEPLOYMENT_TARGET = 16.0;
				LD_RUNPATH_SEARCH_PATHS = (
					"$(inherited)",
					"@executable_path/Frameworks",
				);
				MARKETING_VERSION = 1.0;
				PRODUCT_BUNDLE_IDENTIFIER = HYS.Helper;
				PRODUCT_NAME = "$(TARGET_NAME)";
				SWIFT_EMIT_LOC_STRINGS = YES;
				SWIFT_VERSION = 5.0;
				TARGETED_DEVICE_FAMILY = "1,2";
			};
			name = Release;
		};
		56B2783E28C61AAC00018EEF /* Debug */ = {
			isa = XCBuildConfiguration;
			buildSettings = {
				ALWAYS_EMBED_SWIFT_STANDARD_LIBRARIES = YES;
				BUNDLE_LOADER = "$(TEST_HOST)";
				CODE_SIGN_STYLE = Automatic;
				CURRENT_PROJECT_VERSION = 1;
				DEVELOPMENT_TEAM = 224SJKKLQ3;
				GENERATE_INFOPLIST_FILE = YES;
				IPHONEOS_DEPLOYMENT_TARGET = 15.5;
				MARKETING_VERSION = 1.0;
				PRODUCT_BUNDLE_IDENTIFIER = HYS.HelperTests;
				PRODUCT_NAME = "$(TARGET_NAME)";
				SWIFT_EMIT_LOC_STRINGS = NO;
				SWIFT_VERSION = 5.0;
				TARGETED_DEVICE_FAMILY = "1,2";
				TEST_HOST = "$(BUILT_PRODUCTS_DIR)/Helper.app/Helper";
			};
			name = Debug;
		};
		56B2783F28C61AAC00018EEF /* Release */ = {
			isa = XCBuildConfiguration;
			buildSettings = {
				ALWAYS_EMBED_SWIFT_STANDARD_LIBRARIES = YES;
				BUNDLE_LOADER = "$(TEST_HOST)";
				CODE_SIGN_STYLE = Automatic;
				CURRENT_PROJECT_VERSION = 1;
				DEVELOPMENT_TEAM = 224SJKKLQ3;
				GENERATE_INFOPLIST_FILE = YES;
				IPHONEOS_DEPLOYMENT_TARGET = 15.5;
				MARKETING_VERSION = 1.0;
				PRODUCT_BUNDLE_IDENTIFIER = HYS.HelperTests;
				PRODUCT_NAME = "$(TARGET_NAME)";
				SWIFT_EMIT_LOC_STRINGS = NO;
				SWIFT_VERSION = 5.0;
				TARGETED_DEVICE_FAMILY = "1,2";
				TEST_HOST = "$(BUILT_PRODUCTS_DIR)/Helper.app/Helper";
			};
			name = Release;
		};
		56B2784128C61AAC00018EEF /* Debug */ = {
			isa = XCBuildConfiguration;
			buildSettings = {
				ALWAYS_EMBED_SWIFT_STANDARD_LIBRARIES = YES;
				CODE_SIGN_STYLE = Automatic;
				CURRENT_PROJECT_VERSION = 1;
				DEVELOPMENT_TEAM = 224SJKKLQ3;
				GENERATE_INFOPLIST_FILE = YES;
				MARKETING_VERSION = 1.0;
				PRODUCT_BUNDLE_IDENTIFIER = HYS.HelperUITests;
				PRODUCT_NAME = "$(TARGET_NAME)";
				SWIFT_EMIT_LOC_STRINGS = NO;
				SWIFT_VERSION = 5.0;
				TARGETED_DEVICE_FAMILY = "1,2";
				TEST_TARGET_NAME = Helper;
			};
			name = Debug;
		};
		56B2784228C61AAC00018EEF /* Release */ = {
			isa = XCBuildConfiguration;
			buildSettings = {
				ALWAYS_EMBED_SWIFT_STANDARD_LIBRARIES = YES;
				CODE_SIGN_STYLE = Automatic;
				CURRENT_PROJECT_VERSION = 1;
				DEVELOPMENT_TEAM = 224SJKKLQ3;
				GENERATE_INFOPLIST_FILE = YES;
				MARKETING_VERSION = 1.0;
				PRODUCT_BUNDLE_IDENTIFIER = HYS.HelperUITests;
				PRODUCT_NAME = "$(TARGET_NAME)";
				SWIFT_EMIT_LOC_STRINGS = NO;
				SWIFT_VERSION = 5.0;
				TARGETED_DEVICE_FAMILY = "1,2";
				TEST_TARGET_NAME = Helper;
			};
			name = Release;
		};
/* End XCBuildConfiguration section */

/* Begin XCConfigurationList section */
		56B2781128C61AAB00018EEF /* Build configuration list for PBXProject "Helper" */ = {
			isa = XCConfigurationList;
			buildConfigurations = (
				56B2783828C61AAC00018EEF /* Debug */,
				56B2783928C61AAC00018EEF /* Release */,
			);
			defaultConfigurationIsVisible = 0;
			defaultConfigurationName = Release;
		};
		56B2783A28C61AAC00018EEF /* Build configuration list for PBXNativeTarget "Helper" */ = {
			isa = XCConfigurationList;
			buildConfigurations = (
				56B2783B28C61AAC00018EEF /* Debug */,
				56B2783C28C61AAC00018EEF /* Release */,
			);
			defaultConfigurationIsVisible = 0;
			defaultConfigurationName = Release;
		};
		56B2783D28C61AAC00018EEF /* Build configuration list for PBXNativeTarget "HelperTests" */ = {
			isa = XCConfigurationList;
			buildConfigurations = (
				56B2783E28C61AAC00018EEF /* Debug */,
				56B2783F28C61AAC00018EEF /* Release */,
			);
			defaultConfigurationIsVisible = 0;
			defaultConfigurationName = Release;
		};
		56B2784028C61AAC00018EEF /* Build configuration list for PBXNativeTarget "HelperUITests" */ = {
			isa = XCConfigurationList;
			buildConfigurations = (
				56B2784128C61AAC00018EEF /* Debug */,
				56B2784228C61AAC00018EEF /* Release */,
			);
			defaultConfigurationIsVisible = 0;
			defaultConfigurationName = Release;
		};
/* End XCConfigurationList section */
	};
	rootObject = 56B2780E28C61AAB00018EEF /* Project object */;
}
